
Microsoft Visual Studio Solution File, Format Version 12.00
# Visual Studio 14
VisualStudioVersion = 14.0.25420.1
MinimumVisualStudioVersion = 10.0.40219.1
Project("{FAE04EC0-301F-11D3-BF4B-00C04F79EFBC}") = "BacklogHelper_ConsoleVer", "BacklogHelper_ConsoleVer\BacklogHelper_ConsoleVer.csproj", "{CF3A76FD-EEA1-40E0-9068-71CD33BD6835}"
EndProject
Project("{FAE04EC0-301F-11D3-BF4B-00C04F79EFBC}") = "BacklogHelper.Common", "BacklogHelper.Common\BacklogHelper.Common.csproj", "{A354037E-16E3-4A10-8714-2492292378D1}"
EndProject
Project("{FAE04EC0-301F-11D3-BF4B-00C04F79EFBC}") = "Backlog4dotnet", "Backlog4dotnet\Backlog4dotnet.csproj", "{AF5A1B8D-6854-4AB4-B406-162561FCD9DE}"
EndProject
Global
	GlobalSection(SolutionConfigurationPlatforms) = preSolution
		Debug|Any CPU = Debug|Any CPU
		Release|Any CPU = Release|Any CPU
	EndGlobalSection
	GlobalSection(ProjectConfigurationPlatforms) = postSolution
		{CF3A76FD-EEA1-40E0-9068-71CD33BD6835}.Debug|Any CPU.ActiveCfg = Debug|Any CPU
		{CF3A76FD-EEA1-40E0-9068-71CD33BD6835}.Debug|Any CPU.Build.0 = Debug|Any CPU
		{CF3A76FD-EEA1-40E0-9068-71CD33BD6835}.Release|Any CPU.ActiveCfg = Release|Any CPU
		{CF3A76FD-EEA1-40E0-9068-71CD33BD6835}.Release|Any CPU.Build.0 = Release|Any CPU
		{A354037E-16E3-4A10-8714-2492292378D1}.Debug|Any CPU.ActiveCfg = Debug|Any CPU
		{A354037E-16E3-4A10-8714-2492292378D1}.Debug|Any CPU.Build.0 = Debug|Any CPU
		{A354037E-16E3-4A10-8714-2492292378D1}.Release|Any CPU.ActiveCfg = Release|Any CPU
		{A354037E-16E3-4A10-8714-2492292378D1}.Release|Any CPU.Build.0 = Release|Any CPU
		{AF5A1B8D-6854-4AB4-B406-162561FCD9DE}.Debug|Any CPU.ActiveCfg = Debug|Any CPU
		{AF5A1B8D-6854-4AB4-B406-162561FCD9DE}.Debug|Any CPU.Build.0 = Debug|Any CPU
		{AF5A1B8D-6854-4AB4-B406-162561FCD9DE}.Release|Any CPU.ActiveCfg = Release|Any CPU
		{AF5A1B8D-6854-4AB4-B406-162561FCD9DE}.Release|Any CPU.Build.0 = Release|Any CPU
	EndGlobalSection
	GlobalSection(SolutionProperties) = preSolution
		HideSolutionNode = FALSE
	EndGlobalSection
EndGlobal
